
Microsoft Visual Studio Solution File, Format Version 12.00
# Visual Studio Version 16
VisualStudioVersion = 16.0.31019.35
MinimumVisualStudioVersion = 10.0.40219.1
Project("{FAE04EC0-301F-11D3-BF4B-00C04F79EFBC}") = "DatabaseCombine", "DatabaseCombine\DatabaseCombine.csproj", "{4868789C-F402-40D4-B421-9CB12EABD589}"
EndProject
Global
	GlobalSection(SolutionConfigurationPlatforms) = preSolution
		Debug|Any CPU = Debug|Any CPU
		Release|Any CPU = Release|Any CPU
	EndGlobalSection
	GlobalSection(ProjectConfigurationPlatforms) = postSolution
		{4868789C-F402-40D4-B421-9CB12EABD589}.Debug|Any CPU.ActiveCfg = Debug|Any CPU
		{4868789C-F402-40D4-B421-9CB12EABD589}.Debug|Any CPU.Build.0 = Debug|Any CPU
		{4868789C-F402-40D4-B421-9CB12EABD589}.Release|Any CPU.ActiveCfg = Release|Any CPU
		{4868789C-F402-40D4-B421-9CB12EABD589}.Release|Any CPU.Build.0 = Release|Any CPU
	EndGlobalSection
	GlobalSection(SolutionProperties) = preSolution
		HideSolutionNode = FALSE
	EndGlobalSection
	GlobalSection(ExtensibilityGlobals) = postSolution
		SolutionGuid = {CCC72B9F-2017-4580-AA79-B5EAF85774AE}
	EndGlobalSection
EndGlobal
